
Microsoft Visual Studio Solution File, Format Version 12.00
# Visual Studio Version 17
VisualStudioVersion = 17.11.35222.181
MinimumVisualStudioVersion = 10.0.40219.1
Project("{FAE04EC0-301F-11D3-BF4B-00C04F79EFBC}") = "jenesepais", "jenesepais\jenesepais.csproj", "{AC132B52-D601-4849-B293-24DBE01945B2}"
EndProject
Global
	GlobalSection(SolutionConfigurationPlatforms) = preSolution
		Debug|Any CPU = Debug|Any CPU
		Release|Any CPU = Release|Any CPU
	EndGlobalSection
	GlobalSection(ProjectConfigurationPlatforms) = postSolution
		{AC132B52-D601-4849-B293-24DBE01945B2}.Debug|Any CPU.ActiveCfg = Debug|Any CPU
		{AC132B52-D601-4849-B293-24DBE01945B2}.Debug|Any CPU.Build.0 = Debug|Any CPU
		{AC132B52-D601-4849-B293-24DBE01945B2}.Release|Any CPU.ActiveCfg = Release|Any CPU
		{AC132B52-D601-4849-B293-24DBE01945B2}.Release|Any CPU.Build.0 = Release|Any CPU
	EndGlobalSection
	GlobalSection(SolutionProperties) = preSolution
		HideSolutionNode = FALSE
	EndGlobalSection
	GlobalSection(ExtensibilityGlobals) = postSolution
		SolutionGuid = {9835CAAB-12C8-47B3-8F83-5465992D7732}
	EndGlobalSection
EndGlobal
